<?xml version="1.0" encoding="utf-8"?>
<Project ToolsVersion="4.0" xmlns="http://schemas.microsoft.com/developer/msbuild/2003">
  <ItemGroup>
    <Filter Include="Components">
      <UniqueIdentifier>{93995380-89BD-4b04-88EB-625FBE52EBFB}</UniqueIdentifier>
      <Extensions>h;hh;hpp;hxx;hm;inl;inc;xsd</Extensions>
    </Filter>
    <Filter Include="Managers">
      <UniqueIdentifier>{f05b9453-eb3c-4245-b0f5-ee132a2ebb40}</UniqueIdentifier>
    </Filter>
    <Filter Include="Utils">
      <UniqueIdentifier>{2ce14911-2310-4051-a916-cc188f09d2e2}</UniqueIdentifier>
    </Filter>
    <Filter Include="Core">
      <UniqueIdentifier>{4FC737F1-C7A5-4376-A066-2A32D752A2FF}</UniqueIdentifier>
      <Extensions>cpp;c;cc;cxx;def;odl;idl;hpj;bat;asm;asmx</Extensions>
    </Filter>
    <Filter Include="Base">
      <UniqueIdentifier>{387e6f49-9c53-417d-81ea-5da7697e83ec}</UniqueIdentifier>
    </Filter>
  </ItemGroup>
  <ItemGroup>
    <ClInclude Include="Chronos.h">
      <Filter>Core</Filter>
    </ClInclude>
    <ClInclude Include="ChronosPCH.h">
      <Filter>Core</Filter>
    </ClInclude>
    <ClInclude Include="Scene.h">
      <Filter>Core</Filter>
    </ClInclude>
    <ClInclude Include="CBase.h">
      <Filter>Components</Filter>
    </ClInclude>
    <ClInclude Include="CText.h">
      <Filter>Components</Filter>
    </ClInclude>
    <ClInclude Include="CRender.h">
      <Filter>Components</Filter>
    </ClInclude>
    <ClInclude Include="CFPS.h">
      <Filter>Components</Filter>
    </ClInclude>
    <ClInclude Include="CTransform.h">
      <Filter>Components</Filter>
    </ClInclude>
    <ClInclude Include="Game.h">
      <Filter>Core</Filter>
    </ClInclude>
    <ClInclude Include="AudioManager.h">
      <Filter>Managers</Filter>
    </ClInclude>
    <ClInclude Include="InputManager.h">
      <Filter>Managers</Filter>
    </ClInclude>
    <ClInclude Include="Renderer.h">
      <Filter>Managers</Filter>
    </ClInclude>
    <ClInclude Include="ResourceManager.h">
      <Filter>Managers</Filter>
    </ClInclude>
    <ClInclude Include="SceneManager.h">
      <Filter>Managers</Filter>
    </ClInclude>
    <ClInclude Include="Font.h">
      <Filter>Utils</Filter>
    </ClInclude>
    <ClInclude Include="Singleton.h">
      <Filter>Utils</Filter>
    </ClInclude>
    <ClInclude Include="Texture2D.h">
      <Filter>Utils</Filter>
    </ClInclude>
    <ClInclude Include="Transform.h">
      <Filter>Utils</Filter>
    </ClInclude>
    <ClInclude Include="BCommand.h">
      <Filter>Base</Filter>
    </ClInclude>
    <ClInclude Include="GameObject.h">
      <Filter>Base</Filter>
    </ClInclude>
    <ClInclude Include="BObserver.h">
      <Filter>Base</Filter>
    </ClInclude>
    <ClInclude Include="BState.h">
      <Filter>Base</Filter>
    </ClInclude>
    <ClInclude Include="Rect.h">
      <Filter>Utils</Filter>
    </ClInclude>
    <ClInclude Include="CCollisionBox.h">
      <Filter>Components</Filter>
    </ClInclude>
    <ClInclude Include="SoundEffect.h">
      <Filter>Utils</Filter>
    </ClInclude>
  </ItemGroup>
  <ItemGroup>
    <ClCompile Include="ChronosPCH.cpp">
      <Filter>Core</Filter>
    </ClCompile>
    <ClCompile Include="Scene.cpp">
      <Filter>Core</Filter>
    </ClCompile>
    <ClCompile Include="Chronos.cpp">
      <Filter>Core</Filter>
    </ClCompile>
    <ClCompile Include="CText.cpp">
      <Filter>Components</Filter>
    </ClCompile>
    <ClCompile Include="CRender.cpp">
      <Filter>Components</Filter>
    </ClCompile>
    <ClCompile Include="CFPS.cpp">
      <Filter>Components</Filter>
    </ClCompile>
    <ClCompile Include="CTransform.cpp">
      <Filter>Components</Filter>
    </ClCompile>
    <ClCompile Include="AudioManager.cpp">
      <Filter>Managers</Filter>
    </ClCompile>
    <ClCompile Include="InputManager.cpp">
      <Filter>Managers</Filter>
    </ClCompile>
    <ClCompile Include="Renderer.cpp">
      <Filter>Managers</Filter>
    </ClCompile>
    <ClCompile Include="ResourceManager.cpp">
      <Filter>Managers</Filter>
    </ClCompile>
    <ClCompile Include="SceneManager.cpp">
      <Filter>Managers</Filter>
    </ClCompile>
    <ClCompile Include="Font.cpp">
      <Filter>Utils</Filter>
    </ClCompile>
    <ClCompile Include="Texture2D.cpp">
      <Filter>Utils</Filter>
    </ClCompile>
    <ClCompile Include="Transform.cpp">
      <Filter>Utils</Filter>
    </ClCompile>
    <ClCompile Include="GameObject.cpp">
      <Filter>Base</Filter>
    </ClCompile>
    <ClCompile Include="CCollisionBox.cpp">
      <Filter>Components</Filter>
    </ClCompile>
    <ClCompile Include="SoundEffect.cpp">
      <Filter>Utils</Filter>
    </ClCompile>
  </ItemGroup>
</Project>